
Microsoft Visual Studio Solution File, Format Version 12.00
# Visual Studio 15
VisualStudioVersion = 15.0.27004.2006
MinimumVisualStudioVersion = 10.0.40219.1
Project("{FAE04EC0-301F-11D3-BF4B-00C04F79EFBC}") = "SingletonDP", "SingletonDP\SingletonDP.csproj", "{4D2C9747-6AC1-4502-B5D4-4A717DF68828}"
EndProject
Global
	GlobalSection(SolutionConfigurationPlatforms) = preSolution
		Debug|Any CPU = Debug|Any CPU
		Release|Any CPU = Release|Any CPU
	EndGlobalSection
	GlobalSection(ProjectConfigurationPlatforms) = postSolution
		{4D2C9747-6AC1-4502-B5D4-4A717DF68828}.Debug|Any CPU.ActiveCfg = Debug|Any CPU
		{4D2C9747-6AC1-4502-B5D4-4A717DF68828}.Debug|Any CPU.Build.0 = Debug|Any CPU
		{4D2C9747-6AC1-4502-B5D4-4A717DF68828}.Release|Any CPU.ActiveCfg = Release|Any CPU
		{4D2C9747-6AC1-4502-B5D4-4A717DF68828}.Release|Any CPU.Build.0 = Release|Any CPU
	EndGlobalSection
	GlobalSection(SolutionProperties) = preSolution
		HideSolutionNode = FALSE
	EndGlobalSection
	GlobalSection(ExtensibilityGlobals) = postSolution
		SolutionGuid = {F37D7785-4CC6-4B7F-9E75-2F99183B91A2}
	EndGlobalSection
EndGlobal
